PODS:
  - Alamofire (5.0.0-beta.2)
  - SideMenu (5.0.3)
  - TLPhotoPicker (1.8.3)

DEPENDENCIES:
  - Alamofire (~> 5.0.0-beta.2)
  - SideMenu
  - TLPhotoPicker

SPEC REPOS:
  https://github.com/cocoapods/specs.git:
    - Alamofire
    - SideMenu
    - TLPhotoPicker

SPEC CHECKSUMS:
  Alamofire: d1e5493588babe3e7b56ae29e8032942f4de09fe
  SideMenu: 1dcaabce84538c53325c287f7fe62999379a641c
  TLPhotoPicker: 9955e20e4d59cf4a3accc2d3b320e1bf08f453bf

PODFILE CHECKSUM: 8d0310323494aaf3cbb1a01012ee5ae4ecbddf80

COCOAPODS: 1.5.3
