// !$*UTF8*$!
{
	archiveVersion = 1;
	classes = {
	};
	objectVersion = 50;
	objects = {

/* Begin PBXBuildFile section */
		3BDBA14B1DEEA96BDBC86537 /* Pods_SeniorProjectUITests.framework in Frameworks */ = {isa = PBXBuildFile; fileRef = 39F26713836ABDB7A3802681 /* Pods_SeniorProjectUITests.framework */; };
		44AF5AF2A4400EC3B71F15B0 /* Pods_SeniorProjectTests.framework in Frameworks */ = {isa = PBXBuildFile; fileRef = 0A38DE6103F17BAECE3205CB /* Pods_SeniorProjectTests.framework */; };
		630D8C6F223F655A003CF5F5 /* OwnerPostTableViewController.swift in Sources */ = {isa = PBXBuildFile; fileRef = 630D8C6E223F655A003CF5F5 /* OwnerPostTableViewController.swift */; };
		630D8C74223F68E7003CF5F5 /* OwnerPostTitleAddressTableViewCell.swift in Sources */ = {isa = PBXBuildFile; fileRef = 630D8C73223F68E7003CF5F5 /* OwnerPostTitleAddressTableViewCell.swift */; };
		630D8C76223F6917003CF5F5 /* OwnerPostDescriptionTableViewCell.swift in Sources */ = {isa = PBXBuildFile; fileRef = 630D8C75223F6917003CF5F5 /* OwnerPostDescriptionTableViewCell.swift */; };
		630D8C78223F6976003CF5F5 /* OwnerPostMapViewTableViewCell.swift in Sources */ = {isa = PBXBuildFile; fileRef = 630D8C77223F6976003CF5F5 /* OwnerPostMapViewTableViewCell.swift */; };
		630D8C7A223F9327003CF5F5 /* OwnerPostImageScrollViewTableViewCell.swift in Sources */ = {isa = PBXBuildFile; fileRef = 630D8C79223F9327003CF5F5 /* OwnerPostImageScrollViewTableViewCell.swift */; };
		630D8C7C223F973C003CF5F5 /* PostImageScrollViewImageView.swift in Sources */ = {isa = PBXBuildFile; fileRef = 630D8C7B223F973C003CF5F5 /* PostImageScrollViewImageView.swift */; };
		630D8C7E223F9A57003CF5F5 /* UIImageExtension.swift in Sources */ = {isa = PBXBuildFile; fileRef = 630D8C7D223F9A57003CF5F5 /* UIImageExtension.swift */; };
		631DE4B6224050EA00A78677 /* OwnerPostAvailabilityTableViewCell.swift in Sources */ = {isa = PBXBuildFile; fileRef = 631DE4B5224050EA00A78677 /* OwnerPostAvailabilityTableViewCell.swift */; };
		631DE4BC22405BF300A78677 /* MKMapViewExtension.swift in Sources */ = {isa = PBXBuildFile; fileRef = 631DE4BB22405BF300A78677 /* MKMapViewExtension.swift */; };
		631DE4BF22407A0200A78677 /* EditTimeSlotListTableViewController.swift in Sources */ = {isa = PBXBuildFile; fileRef = 631DE4BE22407A0200A78677 /* EditTimeSlotListTableViewController.swift */; };
		631DE4C122407A0C00A78677 /* EditPostDetailViewController.swift in Sources */ = {isa = PBXBuildFile; fileRef = 631DE4C022407A0C00A78677 /* EditPostDetailViewController.swift */; };
		631DE4C322407A2800A78677 /* AddTimeSlotViewController.swift in Sources */ = {isa = PBXBuildFile; fileRef = 631DE4C222407A2700A78677 /* AddTimeSlotViewController.swift */; };
		631DE4C52240A40700A78677 /* BaseModel.swift in Sources */ = {isa = PBXBuildFile; fileRef = 631DE4C42240A40700A78677 /* BaseModel.swift */; };
		631DE4CA2241521400A78677 /* PointOfInterestTableViewCell.swift in Sources */ = {isa = PBXBuildFile; fileRef = 631DE4C92241521400A78677 /* PointOfInterestTableViewCell.swift */; };
		631DE4CE22415C8A00A78677 /* UserPostTitleAddressTableViewCell.swift in Sources */ = {isa = PBXBuildFile; fileRef = 631DE4CD22415C8A00A78677 /* UserPostTitleAddressTableViewCell.swift */; };
		631DE4D022415DE300A78677 /* ReservationDetailModel.swift in Sources */ = {isa = PBXBuildFile; fileRef = 631DE4CF22415DE300A78677 /* ReservationDetailModel.swift */; };
		631DE4D22241617900A78677 /* UserPostTableViewController.swift in Sources */ = {isa = PBXBuildFile; fileRef = 631DE4D12241617900A78677 /* UserPostTableViewController.swift */; };
		631DE4D52241DF6E00A78677 /* UserSidebarTableViewController.swift in Sources */ = {isa = PBXBuildFile; fileRef = 631DE4D42241DF6E00A78677 /* UserSidebarTableViewController.swift */; };
		631DE4D82241E08400A78677 /* UserReservationsTableViewController.swift in Sources */ = {isa = PBXBuildFile; fileRef = 631DE4D72241E08400A78677 /* UserReservationsTableViewController.swift */; };
		631DE4DB2241F97900A78677 /* ReservationModel.swift in Sources */ = {isa = PBXBuildFile; fileRef = 631DE4DA2241F97900A78677 /* ReservationModel.swift */; };
		631DE4DD2241F9CB00A78677 /* PastReservationModel.swift in Sources */ = {isa = PBXBuildFile; fileRef = 631DE4DC2241F9CB00A78677 /* PastReservationModel.swift */; };
		631DE4DF2241FA0400A78677 /* ReservationListModel.swift in Sources */ = {isa = PBXBuildFile; fileRef = 631DE4DE2241FA0400A78677 /* ReservationListModel.swift */; };
		631DE4E22242142D00A78677 /* UserReservationTableViewCell.swift in Sources */ = {isa = PBXBuildFile; fileRef = 631DE4E12242142D00A78677 /* UserReservationTableViewCell.swift */; };
		631DE4E42242162700A78677 /* UserReservationTitleTableViewCell.swift in Sources */ = {isa = PBXBuildFile; fileRef = 631DE4E32242162700A78677 /* UserReservationTitleTableViewCell.swift */; };
		631DE4E6224222F800A78677 /* ReservationDetailTableViewController.swift in Sources */ = {isa = PBXBuildFile; fileRef = 631DE4E5224222F800A78677 /* ReservationDetailTableViewController.swift */; };
		631DE4E8224225EC00A78677 /* ReservationDetailTitleAddressTableViewCell.swift in Sources */ = {isa = PBXBuildFile; fileRef = 631DE4E7224225EC00A78677 /* ReservationDetailTitleAddressTableViewCell.swift */; };
		631DE4EB2242DB7400A78677 /* OwnerPastReservationsListTableViewController.swift in Sources */ = {isa = PBXBuildFile; fileRef = 631DE4EA2242DB7400A78677 /* OwnerPastReservationsListTableViewController.swift */; };
		631DE4ED2242DC9E00A78677 /* OwnerCurrentReservationsListTableViewController.swift in Sources */ = {isa = PBXBuildFile; fileRef = 631DE4EC2242DC9E00A78677 /* OwnerCurrentReservationsListTableViewController.swift */; };
		631DE4EF2242EA1C00A78677 /* OwnerCurrentReservationsTableViewCell.swift in Sources */ = {isa = PBXBuildFile; fileRef = 631DE4EE2242EA1C00A78677 /* OwnerCurrentReservationsTableViewCell.swift */; };
		631DE4F12242FED500A78677 /* CurrentReservationDetailTableViewController.swift in Sources */ = {isa = PBXBuildFile; fileRef = 631DE4F02242FED500A78677 /* CurrentReservationDetailTableViewController.swift */; };
		631DE4F3224300F800A78677 /* CurrentReservationsDetailViewTableViewCell.swift in Sources */ = {isa = PBXBuildFile; fileRef = 631DE4F2224300F800A78677 /* CurrentReservationsDetailViewTableViewCell.swift */; };
		631DE4F52243071700A78677 /* OwnerPastReservationsTableViewCell.swift in Sources */ = {isa = PBXBuildFile; fileRef = 631DE4F42243071700A78677 /* OwnerPastReservationsTableViewCell.swift */; };
		634F396822358DE0000766D5 /* TimeSlotListTableViewController.swift in Sources */ = {isa = PBXBuildFile; fileRef = 634F396722358DE0000766D5 /* TimeSlotListTableViewController.swift */; };
		634F396A22358E22000766D5 /* TimeAvailabilityModel.swift in Sources */ = {isa = PBXBuildFile; fileRef = 634F396922358E22000766D5 /* TimeAvailabilityModel.swift */; };
		634F397022385C01000766D5 /* PostRateViewController.swift in Sources */ = {isa = PBXBuildFile; fileRef = 634F396F22385C01000766D5 /* PostRateViewController.swift */; };
		636112EF223A1F0D003A32EC /* TimeAvailabilityTableModel.swift in Sources */ = {isa = PBXBuildFile; fileRef = 636112EE223A1F0D003A32EC /* TimeAvailabilityTableModel.swift */; };
		636112F1223B8539003A32EC /* UserSelectTimeViewController.swift in Sources */ = {isa = PBXBuildFile; fileRef = 636112F0223B8539003A32EC /* UserSelectTimeViewController.swift */; };
		636112F8223C97A0003A32EC /* TimeSlotTableViewCell.swift in Sources */ = {isa = PBXBuildFile; fileRef = 636112F7223C97A0003A32EC /* TimeSlotTableViewCell.swift */; };
		636112FC223ED8F6003A32EC /* PostListEntryModel.swift in Sources */ = {isa = PBXBuildFile; fileRef = 636112FB223ED8F6003A32EC /* PostListEntryModel.swift */; };
		636112FE223EDB39003A32EC /* PostListModel.swift in Sources */ = {isa = PBXBuildFile; fileRef = 636112FD223EDB39003A32EC /* PostListModel.swift */; };
		63611300223EE099003A32EC /* OwnerHomepageViewController.swift in Sources */ = {isa = PBXBuildFile; fileRef = 636112FF223EE099003A32EC /* OwnerHomepageViewController.swift */; };
		63611303223EE302003A32EC /* PostListEntryTableViewCell.swift in Sources */ = {isa = PBXBuildFile; fileRef = 63611302223EE302003A32EC /* PostListEntryTableViewCell.swift */; };
		63611305223EF7DE003A32EC /* UserRegistrationViewController.swift in Sources */ = {isa = PBXBuildFile; fileRef = 63611304223EF7DE003A32EC /* UserRegistrationViewController.swift */; };
		63611308223F07D1003A32EC /* OwnerSidebarTableViewController.swift in Sources */ = {isa = PBXBuildFile; fileRef = 63611307223F07D1003A32EC /* OwnerSidebarTableViewController.swift */; };
		6388B02D22161E7F001E6DBA /* CurrentUserModel.swift in Sources */ = {isa = PBXBuildFile; fileRef = 6388B02C22161E7F001E6DBA /* CurrentUserModel.swift */; };
		6388B02F2216207A001E6DBA /* SwiftyJSON.swift in Sources */ = {isa = PBXBuildFile; fileRef = 6388B02E2216207A001E6DBA /* SwiftyJSON.swift */; };
		6388B03322162672001E6DBA /* LoginViewController.swift in Sources */ = {isa = PBXBuildFile; fileRef = 6388B03222162672001E6DBA /* LoginViewController.swift */; };
		6388B03522162781001E6DBA /* ViewControllerExtension.swift in Sources */ = {isa = PBXBuildFile; fileRef = 6388B03422162781001E6DBA /* ViewControllerExtension.swift */; };
		63A166DF220CEBF40067BD89 /* UserModel.swift in Sources */ = {isa = PBXBuildFile; fileRef = 63A166DE220CEBF40067BD89 /* UserModel.swift */; };
		63A166E2220CEC310067BD89 /* ServerAccessModel.swift in Sources */ = {isa = PBXBuildFile; fileRef = 63A166E1220CEC310067BD89 /* ServerAccessModel.swift */; };
		63A166E4220CECDD0067BD89 /* LocalStorageModel.swift in Sources */ = {isa = PBXBuildFile; fileRef = 63A166E3220CECDD0067BD89 /* LocalStorageModel.swift */; };
		63A166E6220CEF590067BD89 /* Configurations.swift in Sources */ = {isa = PBXBuildFile; fileRef = 63A166E5220CEF590067BD89 /* Configurations.swift */; };
		63FF40A32229201700F5861E /* PostLocationViewController.swift in Sources */ = {isa = PBXBuildFile; fileRef = 63FF40A22229201700F5861E /* PostLocationViewController.swift */; };
		63FF40A52229203600F5861E /* PostLocationSearchTableViewController.swift in Sources */ = {isa = PBXBuildFile; fileRef = 63FF40A42229203600F5861E /* PostLocationSearchTableViewController.swift */; };
		63FF40A82229205000F5861E /* PostDetailViewController.swift in Sources */ = {isa = PBXBuildFile; fileRef = 63FF40A72229205000F5861E /* PostDetailViewController.swift */; };
		63FF40AA222920EA00F5861E /* PostDetailSelectorImageCell.swift in Sources */ = {isa = PBXBuildFile; fileRef = 63FF40A9222920EA00F5861E /* PostDetailSelectorImageCell.swift */; };
		63FF40AC2229210700F5861E /* MapViewController.swift in Sources */ = {isa = PBXBuildFile; fileRef = 63FF40AB2229210700F5861E /* MapViewController.swift */; };
		63FF40AE2229212500F5861E /* LocationSearchTableViewController.swift in Sources */ = {isa = PBXBuildFile; fileRef = 63FF40AD2229212500F5861E /* LocationSearchTableViewController.swift */; };
		63FF40B022292AB200F5861E /* UserRegisterModel.swift in Sources */ = {isa = PBXBuildFile; fileRef = 63FF40AF22292AB200F5861E /* UserRegisterModel.swift */; };
		63FF40B32229312800F5861E /* OwnerRegistrationViewController.swift in Sources */ = {isa = PBXBuildFile; fileRef = 63FF40B22229312800F5861E /* OwnerRegistrationViewController.swift */; };
		63FF40BB222B578200F5861E /* PostModel.swift in Sources */ = {isa = PBXBuildFile; fileRef = 63FF40BA222B578200F5861E /* PostModel.swift */; };
		63FF40BF222B92B500F5861E /* PostDetailMultiplePickerViewController.swift in Sources */ = {isa = PBXBuildFile; fileRef = 63FF40BE222B92B500F5861E /* PostDetailMultiplePickerViewController.swift */; };
		B86855BC971D74A156FF883C /* Pods_SeniorProject.framework in Frameworks */ = {isa = PBXBuildFile; fileRef = 5A97EBECB78F4BA83B13B4C3 /* Pods_SeniorProject.framework */; };
		D1365205224086CD00B9F19A /* EditAddTimeSlotViewController.swift in Sources */ = {isa = PBXBuildFile; fileRef = D1365204224086CD00B9F19A /* EditAddTimeSlotViewController.swift */; };
		D136520722408FAD00B9F19A /* EditPostRateViewController.swift in Sources */ = {isa = PBXBuildFile; fileRef = D136520622408FAD00B9F19A /* EditPostRateViewController.swift */; };
		D146957721FBCBD400C09E93 /* AppDelegate.swift in Sources */ = {isa = PBXBuildFile; fileRef = D146957621FBCBD400C09E93 /* AppDelegate.swift */; };
		D146957C21FBCBD400C09E93 /* Main.storyboard in Resources */ = {isa = PBXBuildFile; fileRef = D146957A21FBCBD400C09E93 /* Main.storyboard */; };
		D146957E21FBCBD600C09E93 /* Assets.xcassets in Resources */ = {isa = PBXBuildFile; fileRef = D146957D21FBCBD600C09E93 /* Assets.xcassets */; };
		D146958121FBCBD600C09E93 /* LaunchScreen.storyboard in Resources */ = {isa = PBXBuildFile; fileRef = D146957F21FBCBD600C09E93 /* LaunchScreen.storyboard */; };
		D146958C21FBCBD600C09E93 /* SeniorProjectTests.swift in Sources */ = {isa = PBXBuildFile; fileRef = D146958B21FBCBD600C09E93 /* SeniorProjectTests.swift */; };
		D146959721FBCBD600C09E93 /* SeniorProjectUITests.swift in Sources */ = {isa = PBXBuildFile; fileRef = D146959621FBCBD600C09E93 /* SeniorProjectUITests.swift */; };
		D1513995223F48C800654311 /* POIAnnotation.swift in Sources */ = {isa = PBXBuildFile; fileRef = D1513994223F48C800654311 /* POIAnnotation.swift */; };
		D183CB2B2207CC660000BCE1 /* FirstPageViewController.swift in Sources */ = {isa = PBXBuildFile; fileRef = D183CB2A2207CC660000BCE1 /* FirstPageViewController.swift */; };
		D1A4338C22417CFA00FDCC0B /* SidebarProfileTableViewCell.swift in Sources */ = {isa = PBXBuildFile; fileRef = D1A4338B22417CFA00FDCC0B /* SidebarProfileTableViewCell.swift */; };
		D1A4338E22417D6600FDCC0B /* SidebarTableViewCell.swift in Sources */ = {isa = PBXBuildFile; fileRef = D1A4338D22417D6600FDCC0B /* SidebarTableViewCell.swift */; };
		D1CCCC6B2241DF4E00F97DFD /* UserSignUpInputTableViewCell.swift in Sources */ = {isa = PBXBuildFile; fileRef = D1CCCC6A2241DF4E00F97DFD /* UserSignUpInputTableViewCell.swift */; };
		D1CCCC6D2241E0D500F97DFD /* UserSignUpTableViewCell.swift in Sources */ = {isa = PBXBuildFile; fileRef = D1CCCC6C2241E0D500F97DFD /* UserSignUpTableViewCell.swift */; };
		D1CCCC6F2241EFA500F97DFD /* OwnerSignUpInputTableViewCell.swift in Sources */ = {isa = PBXBuildFile; fileRef = D1CCCC6E2241EFA500F97DFD /* OwnerSignUpInputTableViewCell.swift */; };
		D1CCCC712241EFC300F97DFD /* OwnerSignUpTableViewCell.swift in Sources */ = {isa = PBXBuildFile; fileRef = D1CCCC702241EFC300F97DFD /* OwnerSignUpTableViewCell.swift */; };
		D1CCCC732241F81300F97DFD /* LoginTableViewCell.swift in Sources */ = {isa = PBXBuildFile; fileRef = D1CCCC722241F81300F97DFD /* LoginTableViewCell.swift */; };
		D1CCCC752241F82300F97DFD /* LoginInputTableViewCell.swift in Sources */ = {isa = PBXBuildFile; fileRef = D1CCCC742241F82300F97DFD /* LoginInputTableViewCell.swift */; };
		D1CCCC77224202D900F97DFD /* UserAddTimeSlotTableViewCell.swift in Sources */ = {isa = PBXBuildFile; fileRef = D1CCCC76224202D900F97DFD /* UserAddTimeSlotTableViewCell.swift */; };
		D1CCCC7922420E5700F97DFD /* EditPostInputTableViewCell.swift in Sources */ = {isa = PBXBuildFile; fileRef = D1CCCC7822420E5700F97DFD /* EditPostInputTableViewCell.swift */; };
		D1CCCC7B22420F8200F97DFD /* EditPostTableViewCell.swift in Sources */ = {isa = PBXBuildFile; fileRef = D1CCCC7A22420F8200F97DFD /* EditPostTableViewCell.swift */; };
		D1CCCC7D2242C00700F97DFD /* EditPostPhotoCollectionTableViewCell.swift in Sources */ = {isa = PBXBuildFile; fileRef = D1CCCC7C2242C00700F97DFD /* EditPostPhotoCollectionTableViewCell.swift */; };
		D1CCCC7F2242CAEC00F97DFD /* UserAddTimeTableViewCell.swift in Sources */ = {isa = PBXBuildFile; fileRef = D1CCCC7E2242CAEC00F97DFD /* UserAddTimeTableViewCell.swift */; };
/* End PBXBuildFile section */

/* Begin PBXContainerItemProxy section */
		D146958821FBCBD600C09E93 /* PBXContainerItemProxy */ = {
			isa = PBXContainerItemProxy;
			containerPortal = D146956B21FBCBD400C09E93 /* Project object */;
			proxyType = 1;
			remoteGlobalIDString = D146957221FBCBD400C09E93;
			remoteInfo = SeniorProject;
		};
		D146959321FBCBD600C09E93 /* PBXContainerItemProxy */ = {
			isa = PBXContainerItemProxy;
			containerPortal = D146956B21FBCBD400C09E93 /* Project object */;
			proxyType = 1;
			remoteGlobalIDString = D146957221FBCBD400C09E93;
			remoteInfo = SeniorProject;
		};
/* End PBXContainerItemProxy section */

/* Begin PBXFileReference section */
		0A38DE6103F17BAECE3205CB /* Pods_SeniorProjectTests.framework */ = {isa = PBXFileReference; explicitFileType = wrapper.framework; includeInIndex = 0; path = Pods_SeniorProjectTests.framework; sourceTree = BUILT_PRODUCTS_DIR; };
		13937683297BF9FFDA46EDAD /* Pods-SeniorProject.debug.xcconfig */ = {isa = PBXFileReference; includeInIndex = 1; lastKnownFileType = text.xcconfig; name = "Pods-SeniorProject.debug.xcconfig"; path = "Pods/Target Support Files/Pods-SeniorProject/Pods-SeniorProject.debug.xcconfig"; sourceTree = "<group>"; };
		39F26713836ABDB7A3802681 /* Pods_SeniorProjectUITests.framework */ = {isa = PBXFileReference; explicitFileType = wrapper.framework; includeInIndex = 0; path = Pods_SeniorProjectUITests.framework; sourceTree = BUILT_PRODUCTS_DIR; };
		5A97EBECB78F4BA83B13B4C3 /* Pods_SeniorProject.framework */ = {isa = PBXFileReference; explicitFileType = wrapper.framework; includeInIndex = 0; path = Pods_SeniorProject.framework; sourceTree = BUILT_PRODUCTS_DIR; };
		630D8C6E223F655A003CF5F5 /* OwnerPostTableViewController.swift */ = {isa = PBXFileReference; lastKnownFileType = sourcecode.swift; path = OwnerPostTableViewController.swift; sourceTree = "<group>"; };
		630D8C73223F68E7003CF5F5 /* OwnerPostTitleAddressTableViewCell.swift */ = {isa = PBXFileReference; lastKnownFileType = sourcecode.swift; path = OwnerPostTitleAddressTableViewCell.swift; sourceTree = "<group>"; };
		630D8C75223F6917003CF5F5 /* OwnerPostDescriptionTableViewCell.swift */ = {isa = PBXFileReference; lastKnownFileType = sourcecode.swift; path = OwnerPostDescriptionTableViewCell.swift; sourceTree = "<group>"; };
		630D8C77223F6976003CF5F5 /* OwnerPostMapViewTableViewCell.swift */ = {isa = PBXFileReference; lastKnownFileType = sourcecode.swift; path = OwnerPostMapViewTableViewCell.swift; sourceTree = "<group>"; };
		630D8C79223F9327003CF5F5 /* OwnerPostImageScrollViewTableViewCell.swift */ = {isa = PBXFileReference; lastKnownFileType = sourcecode.swift; path = OwnerPostImageScrollViewTableViewCell.swift; sourceTree = "<group>"; };
		630D8C7B223F973C003CF5F5 /* PostImageScrollViewImageView.swift */ = {isa = PBXFileReference; lastKnownFileType = sourcecode.swift; path = PostImageScrollViewImageView.swift; sourceTree = "<group>"; };
		630D8C7D223F9A57003CF5F5 /* UIImageExtension.swift */ = {isa = PBXFileReference; lastKnownFileType = sourcecode.swift; path = UIImageExtension.swift; sourceTree = "<group>"; };
		631DE4B5224050EA00A78677 /* OwnerPostAvailabilityTableViewCell.swift */ = {isa = PBXFileReference; lastKnownFileType = sourcecode.swift; path = OwnerPostAvailabilityTableViewCell.swift; sourceTree = "<group>"; };
		631DE4BB22405BF300A78677 /* MKMapViewExtension.swift */ = {isa = PBXFileReference; lastKnownFileType = sourcecode.swift; path = MKMapViewExtension.swift; sourceTree = "<group>"; };
		631DE4BE22407A0200A78677 /* EditTimeSlotListTableViewController.swift */ = {isa = PBXFileReference; fileEncoding = 4; lastKnownFileType = sourcecode.swift; path = EditTimeSlotListTableViewController.swift; sourceTree = "<group>"; };
		631DE4C022407A0C00A78677 /* EditPostDetailViewController.swift */ = {isa = PBXFileReference; fileEncoding = 4; lastKnownFileType = sourcecode.swift; path = EditPostDetailViewController.swift; sourceTree = "<group>"; };
		631DE4C222407A2700A78677 /* AddTimeSlotViewController.swift */ = {isa = PBXFileReference; fileEncoding = 4; lastKnownFileType = sourcecode.swift; path = AddTimeSlotViewController.swift; sourceTree = "<group>"; };
		631DE4C42240A40700A78677 /* BaseModel.swift */ = {isa = PBXFileReference; lastKnownFileType = sourcecode.swift; path = BaseModel.swift; sourceTree = "<group>"; };
		631DE4C92241521400A78677 /* PointOfInterestTableViewCell.swift */ = {isa = PBXFileReference; lastKnownFileType = sourcecode.swift; path = PointOfInterestTableViewCell.swift; sourceTree = "<group>"; };
		631DE4CD22415C8A00A78677 /* UserPostTitleAddressTableViewCell.swift */ = {isa = PBXFileReference; lastKnownFileType = sourcecode.swift; path = UserPostTitleAddressTableViewCell.swift; sourceTree = "<group>"; };
		631DE4CF22415DE300A78677 /* ReservationDetailModel.swift */ = {isa = PBXFileReference; lastKnownFileType = sourcecode.swift; path = ReservationDetailModel.swift; sourceTree = "<group>"; };
		631DE4D12241617900A78677 /* UserPostTableViewController.swift */ = {isa = PBXFileReference; lastKnownFileType = sourcecode.swift; path = UserPostTableViewController.swift; sourceTree = "<group>"; };
		631DE4D42241DF6E00A78677 /* UserSidebarTableViewController.swift */ = {isa = PBXFileReference; lastKnownFileType = sourcecode.swift; path = UserSidebarTableViewController.swift; sourceTree = "<group>"; };
		631DE4D72241E08400A78677 /* UserReservationsTableViewController.swift */ = {isa = PBXFileReference; lastKnownFileType = sourcecode.swift; path = UserReservationsTableViewController.swift; sourceTree = "<group>"; };
		631DE4DA2241F97900A78677 /* ReservationModel.swift */ = {isa = PBXFileReference; lastKnownFileType = sourcecode.swift; path = ReservationModel.swift; sourceTree = "<group>"; };
		631DE4DC2241F9CB00A78677 /* PastReservationModel.swift */ = {isa = PBXFileReference; lastKnownFileType = sourcecode.swift; path = PastReservationModel.swift; sourceTree = "<group>"; };
		631DE4DE2241FA0400A78677 /* ReservationListModel.swift */ = {isa = PBXFileReference; lastKnownFileType = sourcecode.swift; path = ReservationListModel.swift; sourceTree = "<group>"; };
		631DE4E12242142D00A78677 /* UserReservationTableViewCell.swift */ = {isa = PBXFileReference; lastKnownFileType = sourcecode.swift; path = UserReservationTableViewCell.swift; sourceTree = "<group>"; };
		631DE4E32242162700A78677 /* UserReservationTitleTableViewCell.swift */ = {isa = PBXFileReference; lastKnownFileType = sourcecode.swift; path = UserReservationTitleTableViewCell.swift; sourceTree = "<group>"; };
		631DE4E5224222F800A78677 /* ReservationDetailTableViewController.swift */ = {isa = PBXFileReference; lastKnownFileType = sourcecode.swift; path = ReservationDetailTableViewController.swift; sourceTree = "<group>"; };
		631DE4E7224225EC00A78677 /* ReservationDetailTitleAddressTableViewCell.swift */ = {isa = PBXFileReference; lastKnownFileType = sourcecode.swift; path = ReservationDetailTitleAddressTableViewCell.swift; sourceTree = "<group>"; };
		631DE4EA2242DB7400A78677 /* OwnerPastReservationsListTableViewController.swift */ = {isa = PBXFileReference; lastKnownFileType = sourcecode.swift; path = OwnerPastReservationsListTableViewController.swift; sourceTree = "<group>"; };
		631DE4EC2242DC9E00A78677 /* OwnerCurrentReservationsListTableViewController.swift */ = {isa = PBXFileReference; lastKnownFileType = sourcecode.swift; path = OwnerCurrentReservationsListTableViewController.swift; sourceTree = "<group>"; };
		631DE4EE2242EA1C00A78677 /* OwnerCurrentReservationsTableViewCell.swift */ = {isa = PBXFileReference; lastKnownFileType = sourcecode.swift; path = OwnerCurrentReservationsTableViewCell.swift; sourceTree = "<group>"; };
		631DE4F02242FED500A78677 /* CurrentReservationDetailTableViewController.swift */ = {isa = PBXFileReference; lastKnownFileType = sourcecode.swift; path = CurrentReservationDetailTableViewController.swift; sourceTree = "<group>"; };
		631DE4F2224300F800A78677 /* CurrentReservationsDetailViewTableViewCell.swift */ = {isa = PBXFileReference; lastKnownFileType = sourcecode.swift; path = CurrentReservationsDetailViewTableViewCell.swift; sourceTree = "<group>"; };
		631DE4F42243071700A78677 /* OwnerPastReservationsTableViewCell.swift */ = {isa = PBXFileReference; lastKnownFileType = sourcecode.swift; path = OwnerPastReservationsTableViewCell.swift; sourceTree = "<group>"; };
		634F396722358DE0000766D5 /* TimeSlotListTableViewController.swift */ = {isa = PBXFileReference; fileEncoding = 4; lastKnownFileType = sourcecode.swift; path = TimeSlotListTableViewController.swift; sourceTree = "<group>"; };
		634F396922358E22000766D5 /* TimeAvailabilityModel.swift */ = {isa = PBXFileReference; fileEncoding = 4; lastKnownFileType = sourcecode.swift; path = TimeAvailabilityModel.swift; sourceTree = "<group>"; };
		634F396F22385C01000766D5 /* PostRateViewController.swift */ = {isa = PBXFileReference; fileEncoding = 4; lastKnownFileType = sourcecode.swift; path = PostRateViewController.swift; sourceTree = "<group>"; };
		636112EE223A1F0D003A32EC /* TimeAvailabilityTableModel.swift */ = {isa = PBXFileReference; lastKnownFileType = sourcecode.swift; path = TimeAvailabilityTableModel.swift; sourceTree = "<group>"; };
		636112F0223B8539003A32EC /* UserSelectTimeViewController.swift */ = {isa = PBXFileReference; fileEncoding = 4; lastKnownFileType = sourcecode.swift; path = UserSelectTimeViewController.swift; sourceTree = "<group>"; };
		636112F7223C97A0003A32EC /* TimeSlotTableViewCell.swift */ = {isa = PBXFileReference; lastKnownFileType = sourcecode.swift; path = TimeSlotTableViewCell.swift; sourceTree = "<group>"; };
		636112FB223ED8F6003A32EC /* PostListEntryModel.swift */ = {isa = PBXFileReference; lastKnownFileType = sourcecode.swift; path = PostListEntryModel.swift; sourceTree = "<group>"; };
		636112FD223EDB39003A32EC /* PostListModel.swift */ = {isa = PBXFileReference; lastKnownFileType = sourcecode.swift; path = PostListModel.swift; sourceTree = "<group>"; };
		636112FF223EE099003A32EC /* OwnerHomepageViewController.swift */ = {isa = PBXFileReference; lastKnownFileType = sourcecode.swift; path = OwnerHomepageViewController.swift; sourceTree = "<group>"; };
		63611302223EE302003A32EC /* PostListEntryTableViewCell.swift */ = {isa = PBXFileReference; lastKnownFileType = sourcecode.swift; path = PostListEntryTableViewCell.swift; sourceTree = "<group>"; };
		63611304223EF7DE003A32EC /* UserRegistrationViewController.swift */ = {isa = PBXFileReference; lastKnownFileType = sourcecode.swift; path = UserRegistrationViewController.swift; sourceTree = "<group>"; };
		63611307223F07D1003A32EC /* OwnerSidebarTableViewController.swift */ = {isa = PBXFileReference; lastKnownFileType = sourcecode.swift; path = OwnerSidebarTableViewController.swift; sourceTree = "<group>"; };
		6388B02C22161E7F001E6DBA /* CurrentUserModel.swift */ = {isa = PBXFileReference; lastKnownFileType = sourcecode.swift; path = CurrentUserModel.swift; sourceTree = "<group>"; };
		6388B02E2216207A001E6DBA /* SwiftyJSON.swift */ = {isa = PBXFileReference; lastKnownFileType = sourcecode.swift; path = SwiftyJSON.swift; sourceTree = "<group>"; };
		6388B03222162672001E6DBA /* LoginViewController.swift */ = {isa = PBXFileReference; lastKnownFileType = sourcecode.swift; path = LoginViewController.swift; sourceTree = "<group>"; };
		6388B03422162781001E6DBA /* ViewControllerExtension.swift */ = {isa = PBXFileReference; lastKnownFileType = sourcecode.swift; path = ViewControllerExtension.swift; sourceTree = "<group>"; };
		63A166DE220CEBF40067BD89 /* UserModel.swift */ = {isa = PBXFileReference; lastKnownFileType = sourcecode.swift; path = UserModel.swift; sourceTree = "<group>"; };
		63A166E1220CEC310067BD89 /* ServerAccessModel.swift */ = {isa = PBXFileReference; lastKnownFileType = sourcecode.swift; path = ServerAccessModel.swift; sourceTree = "<group>"; };
		63A166E3220CECDD0067BD89 /* LocalStorageModel.swift */ = {isa = PBXFileReference; lastKnownFileType = sourcecode.swift; path = LocalStorageModel.swift; sourceTree = "<group>"; };
		63A166E5220CEF590067BD89 /* Configurations.swift */ = {isa = PBXFileReference; lastKnownFileType = sourcecode.swift; path = Configurations.swift; sourceTree = "<group>"; };
		63FF40A22229201700F5861E /* PostLocationViewController.swift */ = {isa = PBXFileReference; fileEncoding = 4; lastKnownFileType = sourcecode.swift; path = PostLocationViewController.swift; sourceTree = "<group>"; };
		63FF40A42229203600F5861E /* PostLocationSearchTableViewController.swift */ = {isa = PBXFileReference; fileEncoding = 4; lastKnownFileType = sourcecode.swift; path = PostLocationSearchTableViewController.swift; sourceTree = "<group>"; };
		63FF40A72229205000F5861E /* PostDetailViewController.swift */ = {isa = PBXFileReference; fileEncoding = 4; lastKnownFileType = sourcecode.swift; path = PostDetailViewController.swift; sourceTree = "<group>"; };
		63FF40A9222920EA00F5861E /* PostDetailSelectorImageCell.swift */ = {isa = PBXFileReference; fileEncoding = 4; lastKnownFileType = sourcecode.swift; path = PostDetailSelectorImageCell.swift; sourceTree = "<group>"; };
		63FF40AB2229210700F5861E /* MapViewController.swift */ = {isa = PBXFileReference; fileEncoding = 4; lastKnownFileType = sourcecode.swift; path = MapViewController.swift; sourceTree = "<group>"; };
		63FF40AD2229212500F5861E /* LocationSearchTableViewController.swift */ = {isa = PBXFileReference; fileEncoding = 4; lastKnownFileType = sourcecode.swift; path = LocationSearchTableViewController.swift; sourceTree = "<group>"; };
		63FF40AF22292AB200F5861E /* UserRegisterModel.swift */ = {isa = PBXFileReference; lastKnownFileType = sourcecode.swift; path = UserRegisterModel.swift; sourceTree = "<group>"; };
		63FF40B22229312800F5861E /* OwnerRegistrationViewController.swift */ = {isa = PBXFileReference; lastKnownFileType = sourcecode.swift; path = OwnerRegistrationViewController.swift; sourceTree = "<group>"; };
		63FF40BA222B578200F5861E /* PostModel.swift */ = {isa = PBXFileReference; lastKnownFileType = sourcecode.swift; path = PostModel.swift; sourceTree = "<group>"; };
		63FF40BE222B92B500F5861E /* PostDetailMultiplePickerViewController.swift */ = {isa = PBXFileReference; lastKnownFileType = sourcecode.swift; path = PostDetailMultiplePickerViewController.swift; sourceTree = "<group>"; };
		66650404CC5AB3F42ABDCE64 /* Pods-SeniorProjectTests.release.xcconfig */ = {isa = PBXFileReference; includeInIndex = 1; lastKnownFileType = text.xcconfig; name = "Pods-SeniorProjectTests.release.xcconfig"; path = "Pods/Target Support Files/Pods-SeniorProjectTests/Pods-SeniorProjectTests.release.xcconfig"; sourceTree = "<group>"; };
		9ADB9C7FBAF13347E812A169 /* Pods-SeniorProjectUITests.debug.xcconfig */ = {isa = PBXFileReference; includeInIndex = 1; lastKnownFileType = text.xcconfig; name = "Pods-SeniorProjectUITests.debug.xcconfig"; path = "Pods/Target Support Files/Pods-SeniorProjectUITests/Pods-SeniorProjectUITests.debug.xcconfig"; sourceTree = "<group>"; };
		D1365204224086CD00B9F19A /* EditAddTimeSlotViewController.swift */ = {isa = PBXFileReference; lastKnownFileType = sourcecode.swift; path = EditAddTimeSlotViewController.swift; sourceTree = "<group>"; };
		D136520622408FAD00B9F19A /* EditPostRateViewController.swift */ = {isa = PBXFileReference; lastKnownFileType = sourcecode.swift; path = EditPostRateViewController.swift; sourceTree = "<group>"; };
		D146957321FBCBD400C09E93 /* SeniorProject.app */ = {isa = PBXFileReference; explicitFileType = wrapper.application; includeInIndex = 0; path = SeniorProject.app; sourceTree = BUILT_PRODUCTS_DIR; };
		D146957621FBCBD400C09E93 /* AppDelegate.swift */ = {isa = PBXFileReference; lastKnownFileType = sourcecode.swift; path = AppDelegate.swift; sourceTree = "<group>"; };
		D146957B21FBCBD400C09E93 /* Base */ = {isa = PBXFileReference; lastKnownFileType = file.storyboard; name = Base; path = Base.lproj/Main.storyboard; sourceTree = "<group>"; };
		D146957D21FBCBD600C09E93 /* Assets.xcassets */ = {isa = PBXFileReference; lastKnownFileType = folder.assetcatalog; path = Assets.xcassets; sourceTree = "<group>"; };
		D146958021FBCBD600C09E93 /* Base */ = {isa = PBXFileReference; lastKnownFileType = file.storyboard; name = Base; path = Base.lproj/LaunchScreen.storyboard; sourceTree = "<group>"; };
		D146958221FBCBD600C09E93 /* Info.plist */ = {isa = PBXFileReference; lastKnownFileType = text.plist.xml; path = Info.plist; sourceTree = "<group>"; };
		D146958721FBCBD600C09E93 /* SeniorProjectTests.xctest */ = {isa = PBXFileReference; explicitFileType = wrapper.cfbundle; includeInIndex = 0; path = SeniorProjectTests.xctest; sourceTree = BUILT_PRODUCTS_DIR; };
		D146958B21FBCBD600C09E93 /* SeniorProjectTests.swift */ = {isa = PBXFileReference; lastKnownFileType = sourcecode.swift; path = SeniorProjectTests.swift; sourceTree = "<group>"; };
		D146958D21FBCBD600C09E93 /* Info.plist */ = {isa = PBXFileReference; lastKnownFileType = text.plist.xml; path = Info.plist; sourceTree = "<group>"; };
		D146959221FBCBD600C09E93 /* SeniorProjectUITests.xctest */ = {isa = PBXFileReference; explicitFileType = wrapper.cfbundle; includeInIndex = 0; path = SeniorProjectUITests.xctest; sourceTree = BUILT_PRODUCTS_DIR; };
		D146959621FBCBD600C09E93 /* SeniorProjectUITests.swift */ = {isa = PBXFileReference; lastKnownFileType = sourcecode.swift; path = SeniorProjectUITests.swift; sourceTree = "<group>"; };
		D146959821FBCBD600C09E93 /* Info.plist */ = {isa = PBXFileReference; lastKnownFileType = text.plist.xml; path = Info.plist; sourceTree = "<group>"; };
		D1513994223F48C800654311 /* POIAnnotation.swift */ = {isa = PBXFileReference; lastKnownFileType = sourcecode.swift; path = POIAnnotation.swift; sourceTree = "<group>"; };
		D183CB2A2207CC660000BCE1 /* FirstPageViewController.swift */ = {isa = PBXFileReference; lastKnownFileType = sourcecode.swift; path = FirstPageViewController.swift; sourceTree = "<group>"; };
		D1A4338B22417CFA00FDCC0B /* SidebarProfileTableViewCell.swift */ = {isa = PBXFileReference; lastKnownFileType = sourcecode.swift; path = SidebarProfileTableViewCell.swift; sourceTree = "<group>"; };
		D1A4338D22417D6600FDCC0B /* SidebarTableViewCell.swift */ = {isa = PBXFileReference; lastKnownFileType = sourcecode.swift; path = SidebarTableViewCell.swift; sourceTree = "<group>"; };
		D1CCCC6A2241DF4E00F97DFD /* UserSignUpInputTableViewCell.swift */ = {isa = PBXFileReference; lastKnownFileType = sourcecode.swift; path = UserSignUpInputTableViewCell.swift; sourceTree = "<group>"; };
		D1CCCC6C2241E0D500F97DFD /* UserSignUpTableViewCell.swift */ = {isa = PBXFileReference; lastKnownFileType = sourcecode.swift; path = UserSignUpTableViewCell.swift; sourceTree = "<group>"; };
		D1CCCC6E2241EFA500F97DFD /* OwnerSignUpInputTableViewCell.swift */ = {isa = PBXFileReference; lastKnownFileType = sourcecode.swift; path = OwnerSignUpInputTableViewCell.swift; sourceTree = "<group>"; };
		D1CCCC702241EFC300F97DFD /* OwnerSignUpTableViewCell.swift */ = {isa = PBXFileReference; lastKnownFileType = sourcecode.swift; path = OwnerSignUpTableViewCell.swift; sourceTree = "<group>"; };
		D1CCCC722241F81300F97DFD /* LoginTableViewCell.swift */ = {isa = PBXFileReference; lastKnownFileType = sourcecode.swift; path = LoginTableViewCell.swift; sourceTree = "<group>"; };
		D1CCCC742241F82300F97DFD /* LoginInputTableViewCell.swift */ = {isa = PBXFileReference; lastKnownFileType = sourcecode.swift; path = LoginInputTableViewCell.swift; sourceTree = "<group>"; };
		D1CCCC76224202D900F97DFD /* UserAddTimeSlotTableViewCell.swift */ = {isa = PBXFileReference; lastKnownFileType = sourcecode.swift; path = UserAddTimeSlotTableViewCell.swift; sourceTree = "<group>"; };
		D1CCCC7822420E5700F97DFD /* EditPostInputTableViewCell.swift */ = {isa = PBXFileReference; lastKnownFileType = sourcecode.swift; path = EditPostInputTableViewCell.swift; sourceTree = "<group>"; };
		D1CCCC7A22420F8200F97DFD /* EditPostTableViewCell.swift */ = {isa = PBXFileReference; lastKnownFileType = sourcecode.swift; path = EditPostTableViewCell.swift; sourceTree = "<group>"; };
		D1CCCC7C2242C00700F97DFD /* EditPostPhotoCollectionTableViewCell.swift */ = {isa = PBXFileReference; lastKnownFileType = sourcecode.swift; path = EditPostPhotoCollectionTableViewCell.swift; sourceTree = "<group>"; };
		D1CCCC7E2242CAEC00F97DFD /* UserAddTimeTableViewCell.swift */ = {isa = PBXFileReference; lastKnownFileType = sourcecode.swift; path = UserAddTimeTableViewCell.swift; sourceTree = "<group>"; };
		E10C7E462D554EFD8E5FC9B1 /* Pods-SeniorProject.release.xcconfig */ = {isa = PBXFileReference; includeInIndex = 1; lastKnownFileType = text.xcconfig; name = "Pods-SeniorProject.release.xcconfig"; path = "Pods/Target Support Files/Pods-SeniorProject/Pods-SeniorProject.release.xcconfig"; sourceTree = "<group>"; };
		F29907D31978349848ABC6DF /* Pods-SeniorProjectTests.debug.xcconfig */ = {isa = PBXFileReference; includeInIndex = 1; lastKnownFileType = text.xcconfig; name = "Pods-SeniorProjectTests.debug.xcconfig"; path = "Pods/Target Support Files/Pods-SeniorProjectTests/Pods-SeniorProjectTests.debug.xcconfig"; sourceTree = "<group>"; };
		F88A75085F7F293E657A6CB1 /* Pods-SeniorProjectUITests.release.xcconfig */ = {isa = PBXFileReference; includeInIndex = 1; lastKnownFileType = text.xcconfig; name = "Pods-SeniorProjectUITests.release.xcconfig"; path = "Pods/Target Support Files/Pods-SeniorProjectUITests/Pods-SeniorProjectUITests.release.xcconfig"; sourceTree = "<group>"; };
/* End PBXFileReference section */

/* Begin PBXFrameworksBuildPhase section */
		D146957021FBCBD400C09E93 /* Frameworks */ = {
			isa = PBXFrameworksBuildPhase;
			buildActionMask = 2147483647;
			files = (
				B86855BC971D74A156FF883C /* Pods_SeniorProject.framework in Frameworks */,
			);
			runOnlyForDeploymentPostprocessing = 0;
		};
		D146958421FBCBD600C09E93 /* Frameworks */ = {
			isa = PBXFrameworksBuildPhase;
			buildActionMask = 2147483647;
			files = (
				44AF5AF2A4400EC3B71F15B0 /* Pods_SeniorProjectTests.framework in Frameworks */,
			);
			runOnlyForDeploymentPostprocessing = 0;
		};
		D146958F21FBCBD600C09E93 /* Frameworks */ = {
			isa = PBXFrameworksBuildPhase;
			buildActionMask = 2147483647;
			files = (
				3BDBA14B1DEEA96BDBC86537 /* Pods_SeniorProjectUITests.framework in Frameworks */,
			);
			runOnlyForDeploymentPostprocessing = 0;
		};
/* End PBXFrameworksBuildPhase section */

/* Begin PBXGroup section */
		0BFE5386123791AC3BF23C05 /* Frameworks */ = {
			isa = PBXGroup;
			children = (
				5A97EBECB78F4BA83B13B4C3 /* Pods_SeniorProject.framework */,
				0A38DE6103F17BAECE3205CB /* Pods_SeniorProjectTests.framework */,
				39F26713836ABDB7A3802681 /* Pods_SeniorProjectUITests.framework */,
			);
			name = Frameworks;
			sourceTree = "<group>";
		};
		3748F179A9F22D2D5F5D5B80 /* Pods */ = {
			isa = PBXGroup;
			children = (
				13937683297BF9FFDA46EDAD /* Pods-SeniorProject.debug.xcconfig */,
				E10C7E462D554EFD8E5FC9B1 /* Pods-SeniorProject.release.xcconfig */,
				F29907D31978349848ABC6DF /* Pods-SeniorProjectTests.debug.xcconfig */,
				66650404CC5AB3F42ABDCE64 /* Pods-SeniorProjectTests.release.xcconfig */,
				9ADB9C7FBAF13347E812A169 /* Pods-SeniorProjectUITests.debug.xcconfig */,
				F88A75085F7F293E657A6CB1 /* Pods-SeniorProjectUITests.release.xcconfig */,
			);
			name = Pods;
			sourceTree = "<group>";
		};
		630D8C6D223F6536003CF5F5 /* Post */ = {
			isa = PBXGroup;
			children = (
				630D8C6E223F655A003CF5F5 /* OwnerPostTableViewController.swift */,
			);
			path = Post;
			sourceTree = "<group>";
		};
		630D8C70223F6871003CF5F5 /* Post */ = {
			isa = PBXGroup;
			children = (
				630D8C73223F68E7003CF5F5 /* OwnerPostTitleAddressTableViewCell.swift */,
				630D8C75223F6917003CF5F5 /* OwnerPostDescriptionTableViewCell.swift */,
				630D8C77223F6976003CF5F5 /* OwnerPostMapViewTableViewCell.swift */,
				630D8C79223F9327003CF5F5 /* OwnerPostImageScrollViewTableViewCell.swift */,
				631DE4B5224050EA00A78677 /* OwnerPostAvailabilityTableViewCell.swift */,
				630D8C7B223F973C003CF5F5 /* PostImageScrollViewImageView.swift */,
				631DE4CD22415C8A00A78677 /* UserPostTitleAddressTableViewCell.swift */,
			);
			path = Post;
			sourceTree = "<group>";
		};
		631DE4B7224058D500A78677 /* Owner */ = {
			isa = PBXGroup;
			children = (
				631DE4E92242DB4F00A78677 /* Reservations */,
				630D8C6D223F6536003CF5F5 /* Post */,
				631DE4BD224079EF00A78677 /* EditPost */,
				63FF40A122291FE900F5861E /* NewPost */,
				63FF40B4222B508F00F5861E /* OwnerHomepage */,
				63611306223F07B9003A32EC /* Sidebar */,
			);
			path = Owner;
			sourceTree = "<group>";
		};
		631DE4B8224058FA00A78677 /* User */ = {
			isa = PBXGroup;
			children = (
				631DE4D62241E06D00A78677 /* Reservations */,
				631DE4D32241DF5F00A78677 /* Sidebar */,
				631DE4CB22415B1700A78677 /* Post */,
				631DE4B92240590400A78677 /* UserHomePage */,
			);
			path = User;
			sourceTree = "<group>";
		};
		631DE4B92240590400A78677 /* UserHomePage */ = {
			isa = PBXGroup;
			children = (
				636112F0223B8539003A32EC /* UserSelectTimeViewController.swift */,
				63FF40AB2229210700F5861E /* MapViewController.swift */,
				63FF40AD2229212500F5861E /* LocationSearchTableViewController.swift */,
			);
			path = UserHomePage;
			sourceTree = "<group>";
		};
		631DE4BA22405BB300A78677 /* Extensions */ = {
			isa = PBXGroup;
			children = (
				630D8C7D223F9A57003CF5F5 /* UIImageExtension.swift */,
				6388B03422162781001E6DBA /* ViewControllerExtension.swift */,
				631DE4BB22405BF300A78677 /* MKMapViewExtension.swift */,
			);
			path = Extensions;
			sourceTree = "<group>";
		};
		631DE4BD224079EF00A78677 /* EditPost */ = {
			isa = PBXGroup;
			children = (
				D136520622408FAD00B9F19A /* EditPostRateViewController.swift */,
				D1365204224086CD00B9F19A /* EditAddTimeSlotViewController.swift */,
				631DE4BE22407A0200A78677 /* EditTimeSlotListTableViewController.swift */,
				631DE4C022407A0C00A78677 /* EditPostDetailViewController.swift */,
				D1CCCC7822420E5700F97DFD /* EditPostInputTableViewCell.swift */,
				D1CCCC7A22420F8200F97DFD /* EditPostTableViewCell.swift */,
				D1CCCC7C2242C00700F97DFD /* EditPostPhotoCollectionTableViewCell.swift */,
			);
			path = EditPost;
			sourceTree = "<group>";
		};
		631DE4C8224151D000A78677 /* UserHomepage */ = {
			isa = PBXGroup;
			children = (
				631DE4C92241521400A78677 /* PointOfInterestTableViewCell.swift */,
			);
			path = UserHomepage;
			sourceTree = "<group>";
		};
		631DE4CB22415B1700A78677 /* Post */ = {
			isa = PBXGroup;
			children = (
				631DE4D12241617900A78677 /* UserPostTableViewController.swift */,
			);
			path = Post;
			sourceTree = "<group>";
		};
		631DE4D32241DF5F00A78677 /* Sidebar */ = {
			isa = PBXGroup;
			children = (
				631DE4D42241DF6E00A78677 /* UserSidebarTableViewController.swift */,
			);
			path = Sidebar;
			sourceTree = "<group>";
		};
		631DE4D62241E06D00A78677 /* Reservations */ = {
			isa = PBXGroup;
			children = (
				631DE4D72241E08400A78677 /* UserReservationsTableViewController.swift */,
				631DE4E5224222F800A78677 /* ReservationDetailTableViewController.swift */,
			);
			path = Reservations;
			sourceTree = "<group>";
		};
		631DE4D92241F93B00A78677 /* Reservations */ = {
			isa = PBXGroup;
			children = (
				631DE4CF22415DE300A78677 /* ReservationDetailModel.swift */,
				631DE4DA2241F97900A78677 /* ReservationModel.swift */,
				631DE4DC2241F9CB00A78677 /* PastReservationModel.swift */,
				631DE4DE2241FA0400A78677 /* ReservationListModel.swift */,
				631DE4F02242FED500A78677 /* CurrentReservationDetailTableViewController.swift */,
			);
			path = Reservations;
			sourceTree = "<group>";
		};
		631DE4E0224213FA00A78677 /* Reservation */ = {
			isa = PBXGroup;
			children = (
				631DE4E12242142D00A78677 /* UserReservationTableViewCell.swift */,
				631DE4E32242162700A78677 /* UserReservationTitleTableViewCell.swift */,
				631DE4E7224225EC00A78677 /* ReservationDetailTitleAddressTableViewCell.swift */,
				631DE4EE2242EA1C00A78677 /* OwnerCurrentReservationsTableViewCell.swift */,
				631DE4F2224300F800A78677 /* CurrentReservationsDetailViewTableViewCell.swift */,
				631DE4F42243071700A78677 /* OwnerPastReservationsTableViewCell.swift */,
			);
			path = Reservation;
			sourceTree = "<group>";
		};
		631DE4E92242DB4F00A78677 /* Reservations */ = {
			isa = PBXGroup;
			children = (
				631DE4EA2242DB7400A78677 /* OwnerPastReservationsListTableViewController.swift */,
				631DE4EC2242DC9E00A78677 /* OwnerCurrentReservationsListTableViewController.swift */,
			);
			path = Reservations;
			sourceTree = "<group>";
		};
		636112F4223C9746003A32EC /* NewPost */ = {
			isa = PBXGroup;
			children = (
				63FF40A9222920EA00F5861E /* PostDetailSelectorImageCell.swift */,
				636112F7223C97A0003A32EC /* TimeSlotTableViewCell.swift */,
			);
			path = NewPost;
			sourceTree = "<group>";
		};
		63611301223EE2DA003A32EC /* OwnerHomepage */ = {
			isa = PBXGroup;
			children = (
				63611302223EE302003A32EC /* PostListEntryTableViewCell.swift */,
			);
			path = OwnerHomepage;
			sourceTree = "<group>";
		};
		63611306223F07B9003A32EC /* Sidebar */ = {
			isa = PBXGroup;
			children = (
				63611307223F07D1003A32EC /* OwnerSidebarTableViewController.swift */,
			);
			path = Sidebar;
			sourceTree = "<group>";
		};
		6388B0302216263D001E6DBA /* Controllers */ = {
			isa = PBXGroup;
			children = (
				D183CB2A2207CC660000BCE1 /* FirstPageViewController.swift */,
				631DE4B8224058FA00A78677 /* User */,
				631DE4B7224058D500A78677 /* Owner */,
				63FF40B1222930EA00F5861E /* Register */,
				6388B0312216265B001E6DBA /* Login */,
			);
			path = Controllers;
			sourceTree = "<group>";
		};
		6388B0312216265B001E6DBA /* Login */ = {
			isa = PBXGroup;
			children = (
				6388B03222162672001E6DBA /* LoginViewController.swift */,
				D1CCCC722241F81300F97DFD /* LoginTableViewCell.swift */,
				D1CCCC742241F82300F97DFD /* LoginInputTableViewCell.swift */,
			);
			path = Login;
			sourceTree = "<group>";
		};
		63A166DD220CEBB90067BD89 /* Models */ = {
			isa = PBXGroup;
			children = (
				631DE4D92241F93B00A78677 /* Reservations */,
				63FF40B9222B54F400F5861E /* Post */,
				63FF40B8222B54DF00F5861E /* User */,
				63A166E1220CEC310067BD89 /* ServerAccessModel.swift */,
				63A166E3220CECDD0067BD89 /* LocalStorageModel.swift */,
				6388B02E2216207A001E6DBA /* SwiftyJSON.swift */,
				631DE4C42240A40700A78677 /* BaseModel.swift */,
			);
			path = Models;
			sourceTree = "<group>";
		};
		63FF40A122291FE900F5861E /* NewPost */ = {
			isa = PBXGroup;
			children = (
				63FF40A22229201700F5861E /* PostLocationViewController.swift */,
				63FF40A42229203600F5861E /* PostLocationSearchTableViewController.swift */,
				63FF40A62229203900F5861E /* PostDetail */,
			);
			path = NewPost;
			sourceTree = "<group>";
		};
		63FF40A62229203900F5861E /* PostDetail */ = {
			isa = PBXGroup;
			children = (
				634F396F22385C01000766D5 /* PostRateViewController.swift */,
				63FF40A72229205000F5861E /* PostDetailViewController.swift */,
				634F396722358DE0000766D5 /* TimeSlotListTableViewController.swift */,
				631DE4C222407A2700A78677 /* AddTimeSlotViewController.swift */,
				63FF40BE222B92B500F5861E /* PostDetailMultiplePickerViewController.swift */,
				D1CCCC76224202D900F97DFD /* UserAddTimeSlotTableViewCell.swift */,
				D1CCCC7E2242CAEC00F97DFD /* UserAddTimeTableViewCell.swift */,
			);
			path = PostDetail;
			sourceTree = "<group>";
		};
		63FF40B1222930EA00F5861E /* Register */ = {
			isa = PBXGroup;
			children = (
				63FF40B22229312800F5861E /* OwnerRegistrationViewController.swift */,
				63611304223EF7DE003A32EC /* UserRegistrationViewController.swift */,
				D1CCCC6A2241DF4E00F97DFD /* UserSignUpInputTableViewCell.swift */,
				D1CCCC6C2241E0D500F97DFD /* UserSignUpTableViewCell.swift */,
				D1CCCC6E2241EFA500F97DFD /* OwnerSignUpInputTableViewCell.swift */,
				D1CCCC702241EFC300F97DFD /* OwnerSignUpTableViewCell.swift */,
			);
			path = Register;
			sourceTree = "<group>";
		};
		63FF40B4222B508F00F5861E /* OwnerHomepage */ = {
			isa = PBXGroup;
			children = (
				636112FF223EE099003A32EC /* OwnerHomepageViewController.swift */,
			);
			path = OwnerHomepage;
			sourceTree = "<group>";
		};
		63FF40B7222B50BB00F5861E /* Views */ = {
			isa = PBXGroup;
			children = (
				631DE4E0224213FA00A78677 /* Reservation */,
				D1A4338A22417CC000FDCC0B /* Sidebar */,
				631DE4C8224151D000A78677 /* UserHomepage */,
				630D8C70223F6871003CF5F5 /* Post */,
				63611301223EE2DA003A32EC /* OwnerHomepage */,
				636112F4223C9746003A32EC /* NewPost */,
				D146957A21FBCBD400C09E93 /* Main.storyboard */,
			);
			path = Views;
			sourceTree = "<group>";
		};
		63FF40B8222B54DF00F5861E /* User */ = {
			isa = PBXGroup;
			children = (
				63A166DE220CEBF40067BD89 /* UserModel.swift */,
				6388B02C22161E7F001E6DBA /* CurrentUserModel.swift */,
				63FF40AF22292AB200F5861E /* UserRegisterModel.swift */,
			);
			path = User;
			sourceTree = "<group>";
		};
		63FF40B9222B54F400F5861E /* Post */ = {
			isa = PBXGroup;
			children = (
				634F396922358E22000766D5 /* TimeAvailabilityModel.swift */,
				636112EE223A1F0D003A32EC /* TimeAvailabilityTableModel.swift */,
				63FF40BA222B578200F5861E /* PostModel.swift */,
				636112FB223ED8F6003A32EC /* PostListEntryModel.swift */,
				636112FD223EDB39003A32EC /* PostListModel.swift */,
				D1513994223F48C800654311 /* POIAnnotation.swift */,
			);
			path = Post;
			sourceTree = "<group>";
		};
		D146956A21FBCBD400C09E93 = {
			isa = PBXGroup;
			children = (
				D146957521FBCBD400C09E93 /* SeniorProject */,
				D146958A21FBCBD600C09E93 /* SeniorProjectTests */,
				D146959521FBCBD600C09E93 /* SeniorProjectUITests */,
				D146957421FBCBD400C09E93 /* Products */,
				3748F179A9F22D2D5F5D5B80 /* Pods */,
				0BFE5386123791AC3BF23C05 /* Frameworks */,
			);
			sourceTree = "<group>";
		};
		D146957421FBCBD400C09E93 /* Products */ = {
			isa = PBXGroup;
			children = (
				D146957321FBCBD400C09E93 /* SeniorProject.app */,
				D146958721FBCBD600C09E93 /* SeniorProjectTests.xctest */,
				D146959221FBCBD600C09E93 /* SeniorProjectUITests.xctest */,
			);
			name = Products;
			sourceTree = "<group>";
		};
		D146957521FBCBD400C09E93 /* SeniorProject */ = {
			isa = PBXGroup;
			children = (
				631DE4BA22405BB300A78677 /* Extensions */,
				63FF40B7222B50BB00F5861E /* Views */,
				6388B0302216263D001E6DBA /* Controllers */,
				63A166DD220CEBB90067BD89 /* Models */,
				D146957621FBCBD400C09E93 /* AppDelegate.swift */,
				D146957D21FBCBD600C09E93 /* Assets.xcassets */,
				D146957F21FBCBD600C09E93 /* LaunchScreen.storyboard */,
				D146958221FBCBD600C09E93 /* Info.plist */,
				63A166E5220CEF590067BD89 /* Configurations.swift */,
			);
			path = SeniorProject;
			sourceTree = "<group>";
		};
		D146958A21FBCBD600C09E93 /* SeniorProjectTests */ = {
			isa = PBXGroup;
			children = (
				D146958B21FBCBD600C09E93 /* SeniorProjectTests.swift */,
				D146958D21FBCBD600C09E93 /* Info.plist */,
			);
			path = SeniorProjectTests;
			sourceTree = "<group>";
		};
		D146959521FBCBD600C09E93 /* SeniorProjectUITests */ = {
			isa = PBXGroup;
			children = (
				D146959621FBCBD600C09E93 /* SeniorProjectUITests.swift */,
				D146959821FBCBD600C09E93 /* Info.plist */,
			);
			path = SeniorProjectUITests;
			sourceTree = "<group>";
		};
		D1A4338A22417CC000FDCC0B /* Sidebar */ = {
			isa = PBXGroup;
			children = (
				D1A4338B22417CFA00FDCC0B /* SidebarProfileTableViewCell.swift */,
				D1A4338D22417D6600FDCC0B /* SidebarTableViewCell.swift */,
			);
			path = Sidebar;
			sourceTree = "<group>";
		};
/* End PBXGroup section */

/* Begin PBXNativeTarget section */
		D146957221FBCBD400C09E93 /* SeniorProject */ = {
			isa = PBXNativeTarget;
			buildConfigurationList = D146959B21FBCBD600C09E93 /* Build configuration list for PBXNativeTarget "SeniorProject" */;
			buildPhases = (
				D682D138BD355D1C8C693FED /* [CP] Check Pods Manifest.lock */,
				D146956F21FBCBD400C09E93 /* Sources */,
				D146957021FBCBD400C09E93 /* Frameworks */,
				D146957121FBCBD400C09E93 /* Resources */,
				0E1BC469EE31AFDAFE31E60C /* [CP] Embed Pods Frameworks */,
			);
			buildRules = (
			);
			dependencies = (
			);
			name = SeniorProject;
			productName = SeniorProject;
			productReference = D146957321FBCBD400C09E93 /* SeniorProject.app */;
			productType = "com.apple.product-type.application";
		};
		D146958621FBCBD600C09E93 /* SeniorProjectTests */ = {
			isa = PBXNativeTarget;
			buildConfigurationList = D146959E21FBCBD600C09E93 /* Build configuration list for PBXNativeTarget "SeniorProjectTests" */;
			buildPhases = (
				1714D5A4C7809A556984442E /* [CP] Check Pods Manifest.lock */,
				D146958321FBCBD600C09E93 /* Sources */,
				D146958421FBCBD600C09E93 /* Frameworks */,
				D146958521FBCBD600C09E93 /* Resources */,
			);
			buildRules = (
			);
			dependencies = (
				D146958921FBCBD600C09E93 /* PBXTargetDependency */,
			);
			name = SeniorProjectTests;
			productName = SeniorProjectTests;
			productReference = D146958721FBCBD600C09E93 /* SeniorProjectTests.xctest */;
			productType = "com.apple.product-type.bundle.unit-test";
		};
		D146959121FBCBD600C09E93 /* SeniorProjectUITests */ = {
			isa = PBXNativeTarget;
			buildConfigurationList = D14695A121FBCBD600C09E93 /* Build configuration list for PBXNativeTarget "SeniorProjectUITests" */;
			buildPhases = (
				F1C4F45C69F5E7D0898DE617 /* [CP] Check Pods Manifest.lock */,
				D146958E21FBCBD600C09E93 /* Sources */,
				D146958F21FBCBD600C09E93 /* Frameworks */,
				D146959021FBCBD600C09E93 /* Resources */,
			);
			buildRules = (
			);
			dependencies = (
				D146959421FBCBD600C09E93 /* PBXTargetDependency */,
			);
			name = SeniorProjectUITests;
			productName = SeniorProjectUITests;
			productReference = D146959221FBCBD600C09E93 /* SeniorProjectUITests.xctest */;
			productType = "com.apple.product-type.bundle.ui-testing";
		};
/* End PBXNativeTarget section */

/* Begin PBXProject section */
		D146956B21FBCBD400C09E93 /* Project object */ = {
			isa = PBXProject;
			attributes = {
				LastSwiftUpdateCheck = 1010;
				LastUpgradeCheck = 1010;
				ORGANIZATIONNAME = "Jiaqing Mo";
				TargetAttributes = {
					D146957221FBCBD400C09E93 = {
						CreatedOnToolsVersion = 10.1;
					};
					D146958621FBCBD600C09E93 = {
						CreatedOnToolsVersion = 10.1;
						TestTargetID = D146957221FBCBD400C09E93;
					};
					D146959121FBCBD600C09E93 = {
						CreatedOnToolsVersion = 10.1;
						TestTargetID = D146957221FBCBD400C09E93;
					};
				};
			};
			buildConfigurationList = D146956E21FBCBD400C09E93 /* Build configuration list for PBXProject "SeniorProject" */;
			compatibilityVersion = "Xcode 9.3";
			developmentRegion = en;
			hasScannedForEncodings = 0;
			knownRegions = (
				en,
				Base,
			);
			mainGroup = D146956A21FBCBD400C09E93;
			productRefGroup = D146957421FBCBD400C09E93 /* Products */;
			projectDirPath = "";
			projectRoot = "";
			targets = (
				D146957221FBCBD400C09E93 /* SeniorProject */,
				D146958621FBCBD600C09E93 /* SeniorProjectTests */,
				D146959121FBCBD600C09E93 /* SeniorProjectUITests */,
			);
		};
/* End PBXProject section */

/* Begin PBXResourcesBuildPhase section */
		D146957121FBCBD400C09E93 /* Resources */ = {
			isa = PBXResourcesBuildPhase;
			buildActionMask = 2147483647;
			files = (
				D146958121FBCBD600C09E93 /* LaunchScreen.storyboard in Resources */,
				D146957E21FBCBD600C09E93 /* Assets.xcassets in Resources */,
				D146957C21FBCBD400C09E93 /* Main.storyboard in Resources */,
			);
			runOnlyForDeploymentPostprocessing = 0;
		};
		D146958521FBCBD600C09E93 /* Resources */ = {
			isa = PBXResourcesBuildPhase;
			buildActionMask = 2147483647;
			files = (
			);
			runOnlyForDeploymentPostprocessing = 0;
		};
		D146959021FBCBD600C09E93 /* Resources */ = {
			isa = PBXResourcesBuildPhase;
			buildActionMask = 2147483647;
			files = (
			);
			runOnlyForDeploymentPostprocessing = 0;
		};
/* End PBXResourcesBuildPhase section */

/* Begin PBXShellScriptBuildPhase section */
		0E1BC469EE31AFDAFE31E60C /* [CP] Embed Pods Frameworks */ = {
			isa = PBXShellScriptBuildPhase;
			buildActionMask = 2147483647;
			files = (
			);
			inputPaths = (
				"${SRCROOT}/Pods/Target Support Files/Pods-SeniorProject/Pods-SeniorProject-frameworks.sh",
				"${BUILT_PRODUCTS_DIR}/Alamofire/Alamofire.framework",
				"${BUILT_PRODUCTS_DIR}/SideMenu/SideMenu.framework",
				"${BUILT_PRODUCTS_DIR}/TLPhotoPicker/TLPhotoPicker.framework",
			);
			name = "[CP] Embed Pods Frameworks";
			outputPaths = (
				"${TARGET_BUILD_DIR}/${FRAMEWORKS_FOLDER_PATH}/Alamofire.framework",
				"${TARGET_BUILD_DIR}/${FRAMEWORKS_FOLDER_PATH}/SideMenu.framework",
				"${TARGET_BUILD_DIR}/${FRAMEWORKS_FOLDER_PATH}/TLPhotoPicker.framework",
			);
			runOnlyForDeploymentPostprocessing = 0;
			shellPath = /bin/sh;
			shellScript = "\"${SRCROOT}/Pods/Target Support Files/Pods-SeniorProject/Pods-SeniorProject-frameworks.sh\"\n";
			showEnvVarsInLog = 0;
		};
		1714D5A4C7809A556984442E /* [CP] Check Pods Manifest.lock */ = {
			isa = PBXShellScriptBuildPhase;
			buildActionMask = 2147483647;
			files = (
			);
			inputPaths = (
				"${PODS_PODFILE_DIR_PATH}/Podfile.lock",
				"${PODS_ROOT}/Manifest.lock",
			);
			name = "[CP] Check Pods Manifest.lock";
			outputPaths = (
				"$(DERIVED_FILE_DIR)/Pods-SeniorProjectTests-checkManifestLockResult.txt",
			);
			runOnlyForDeploymentPostprocessing = 0;
			shellPath = /bin/sh;
			shellScript = "diff \"${PODS_PODFILE_DIR_PATH}/Podfile.lock\" \"${PODS_ROOT}/Manifest.lock\" > /dev/null\nif [ $? != 0 ] ; then\n    # print error to STDERR\n    echo \"error: The sandbox is not in sync with the Podfile.lock. Run 'pod install' or update your CocoaPods installation.\" >&2\n    exit 1\nfi\n# This output is used by Xcode 'outputs' to avoid re-running this script phase.\necho \"SUCCESS\" > \"${SCRIPT_OUTPUT_FILE_0}\"\n";
			showEnvVarsInLog = 0;
		};
		D682D138BD355D1C8C693FED /* [CP] Check Pods Manifest.lock */ = {
			isa = PBXShellScriptBuildPhase;
			buildActionMask = 2147483647;
			files = (
			);
			inputPaths = (
				"${PODS_PODFILE_DIR_PATH}/Podfile.lock",
				"${PODS_ROOT}/Manifest.lock",
			);
			name = "[CP] Check Pods Manifest.lock";
			outputPaths = (
				"$(DERIVED_FILE_DIR)/Pods-SeniorProject-checkManifestLockResult.txt",
			);
			runOnlyForDeploymentPostprocessing = 0;
			shellPath = /bin/sh;
			shellScript = "diff \"${PODS_PODFILE_DIR_PATH}/Podfile.lock\" \"${PODS_ROOT}/Manifest.lock\" > /dev/null\nif [ $? != 0 ] ; then\n    # print error to STDERR\n    echo \"error: The sandbox is not in sync with the Podfile.lock. Run 'pod install' or update your CocoaPods installation.\" >&2\n    exit 1\nfi\n# This output is used by Xcode 'outputs' to avoid re-running this script phase.\necho \"SUCCESS\" > \"${SCRIPT_OUTPUT_FILE_0}\"\n";
			showEnvVarsInLog = 0;
		};
		F1C4F45C69F5E7D0898DE617 /* [CP] Check Pods Manifest.lock */ = {
			isa = PBXShellScriptBuildPhase;
			buildActionMask = 2147483647;
			files = (
			);
			inputPaths = (
				"${PODS_PODFILE_DIR_PATH}/Podfile.lock",
				"${PODS_ROOT}/Manifest.lock",
			);
			name = "[CP] Check Pods Manifest.lock";
			outputPaths = (
				"$(DERIVED_FILE_DIR)/Pods-SeniorProjectUITests-checkManifestLockResult.txt",
			);
			runOnlyForDeploymentPostprocessing = 0;
			shellPath = /bin/sh;
			shellScript = "diff \"${PODS_PODFILE_DIR_PATH}/Podfile.lock\" \"${PODS_ROOT}/Manifest.lock\" > /dev/null\nif [ $? != 0 ] ; then\n    # print error to STDERR\n    echo \"error: The sandbox is not in sync with the Podfile.lock. Run 'pod install' or update your CocoaPods installation.\" >&2\n    exit 1\nfi\n# This output is used by Xcode 'outputs' to avoid re-running this script phase.\necho \"SUCCESS\" > \"${SCRIPT_OUTPUT_FILE_0}\"\n";
			showEnvVarsInLog = 0;
		};
/* End PBXShellScriptBuildPhase section */

/* Begin PBXSourcesBuildPhase section */
		D146956F21FBCBD400C09E93 /* Sources */ = {
			isa = PBXSourcesBuildPhase;
			buildActionMask = 2147483647;
			files = (
				631DE4E8224225EC00A78677 /* ReservationDetailTitleAddressTableViewCell.swift in Sources */,
				63A166E6220CEF590067BD89 /* Configurations.swift in Sources */,
				D1CCCC6F2241EFA500F97DFD /* OwnerSignUpInputTableViewCell.swift in Sources */,
				D1CCCC7B22420F8200F97DFD /* EditPostTableViewCell.swift in Sources */,
				631DE4E22242142D00A78677 /* UserReservationTableViewCell.swift in Sources */,
				634F396A22358E22000766D5 /* TimeAvailabilityModel.swift in Sources */,
				63FF40A82229205000F5861E /* PostDetailViewController.swift in Sources */,
				D1513995223F48C800654311 /* POIAnnotation.swift in Sources */,
				631DE4CE22415C8A00A78677 /* UserPostTitleAddressTableViewCell.swift in Sources */,
				630D8C78223F6976003CF5F5 /* OwnerPostMapViewTableViewCell.swift in Sources */,
				D1A4338E22417D6600FDCC0B /* SidebarTableViewCell.swift in Sources */,
				D1CCCC7922420E5700F97DFD /* EditPostInputTableViewCell.swift in Sources */,
				D1CCCC7D2242C00700F97DFD /* EditPostPhotoCollectionTableViewCell.swift in Sources */,
				631DE4BC22405BF300A78677 /* MKMapViewExtension.swift in Sources */,
				631DE4F3224300F800A78677 /* CurrentReservationsDetailViewTableViewCell.swift in Sources */,
				631DE4D022415DE300A78677 /* ReservationDetailModel.swift in Sources */,
				631DE4E42242162700A78677 /* UserReservationTitleTableViewCell.swift in Sources */,
				630D8C74223F68E7003CF5F5 /* OwnerPostTitleAddressTableViewCell.swift in Sources */,
				631DE4B6224050EA00A78677 /* OwnerPostAvailabilityTableViewCell.swift in Sources */,
				D1CCCC752241F82300F97DFD /* LoginInputTableViewCell.swift in Sources */,
				63A166E2220CEC310067BD89 /* ServerAccessModel.swift in Sources */,
				630D8C6F223F655A003CF5F5 /* OwnerPostTableViewController.swift in Sources */,
				631DE4DF2241FA0400A78677 /* ReservationListModel.swift in Sources */,
				631DE4ED2242DC9E00A78677 /* OwnerCurrentReservationsListTableViewController.swift in Sources */,
				631DE4D22241617900A78677 /* UserPostTableViewController.swift in Sources */,
				636112EF223A1F0D003A32EC /* TimeAvailabilityTableModel.swift in Sources */,
				63FF40BF222B92B500F5861E /* PostDetailMultiplePickerViewController.swift in Sources */,
				D1CCCC6B2241DF4E00F97DFD /* UserSignUpInputTableViewCell.swift in Sources */,
				6388B03522162781001E6DBA /* ViewControllerExtension.swift in Sources */,
				63FF40AA222920EA00F5861E /* PostDetailSelectorImageCell.swift in Sources */,
				D1CCCC77224202D900F97DFD /* UserAddTimeSlotTableViewCell.swift in Sources */,
				631DE4CA2241521400A78677 /* PointOfInterestTableViewCell.swift in Sources */,
				D183CB2B2207CC660000BCE1 /* FirstPageViewController.swift in Sources */,
				D1CCCC732241F81300F97DFD /* LoginTableViewCell.swift in Sources */,
				6388B02D22161E7F001E6DBA /* CurrentUserModel.swift in Sources */,
				63611308223F07D1003A32EC /* OwnerSidebarTableViewController.swift in Sources */,
				63FF40B32229312800F5861E /* OwnerRegistrationViewController.swift in Sources */,
				D1CCCC6D2241E0D500F97DFD /* UserSignUpTableViewCell.swift in Sources */,
				63A166DF220CEBF40067BD89 /* UserModel.swift in Sources */,
				63611300223EE099003A32EC /* OwnerHomepageViewController.swift in Sources */,
				63FF40AE2229212500F5861E /* LocationSearchTableViewController.swift in Sources */,
				63FF40A52229203600F5861E /* PostLocationSearchTableViewController.swift in Sources */,
				6388B02F2216207A001E6DBA /* SwiftyJSON.swift in Sources */,
				D1CCCC712241EFC300F97DFD /* OwnerSignUpTableViewCell.swift in Sources */,
				631DE4C122407A0C00A78677 /* EditPostDetailViewController.swift in Sources */,
				636112FC223ED8F6003A32EC /* PostListEntryModel.swift in Sources */,
				631DE4F52243071700A78677 /* OwnerPastReservationsTableViewCell.swift in Sources */,
				636112FE223EDB39003A32EC /* PostListModel.swift in Sources */,
				630D8C7E223F9A57003CF5F5 /* UIImageExtension.swift in Sources */,
				63FF40B022292AB200F5861E /* UserRegisterModel.swift in Sources */,
				63611305223EF7DE003A32EC /* UserRegistrationViewController.swift in Sources */,
				630D8C76223F6917003CF5F5 /* OwnerPostDescriptionTableViewCell.swift in Sources */,
				631DE4EF2242EA1C00A78677 /* OwnerCurrentReservationsTableViewCell.swift in Sources */,
				631DE4C322407A2800A78677 /* AddTimeSlotViewController.swift in Sources */,
				D1365205224086CD00B9F19A /* EditAddTimeSlotViewController.swift in Sources */,
				D146957721FBCBD400C09E93 /* AppDelegate.swift in Sources */,
				6388B03322162672001E6DBA /* LoginViewController.swift in Sources */,
				631DE4D52241DF6E00A78677 /* UserSidebarTableViewController.swift in Sources */,
				634F397022385C01000766D5 /* PostRateViewController.swift in Sources */,
				63FF40A32229201700F5861E /* PostLocationViewController.swift in Sources */,
				D1A4338C22417CFA00FDCC0B /* SidebarProfileTableViewCell.swift in Sources */,
				631DE4DB2241F97900A78677 /* ReservationModel.swift in Sources */,
				63A166E4220CECDD0067BD89 /* LocalStorageModel.swift in Sources */,
				63611303223EE302003A32EC /* PostListEntryTableViewCell.swift in Sources */,
				631DE4BF22407A0200A78677 /* EditTimeSlotListTableViewController.swift in Sources */,
				636112F1223B8539003A32EC /* UserSelectTimeViewController.swift in Sources */,
				630D8C7C223F973C003CF5F5 /* PostImageScrollViewImageView.swift in Sources */,
				63FF40BB222B578200F5861E /* PostModel.swift in Sources */,
				63FF40AC2229210700F5861E /* MapViewController.swift in Sources */,
				631DE4F12242FED500A78677 /* CurrentReservationDetailTableViewController.swift in Sources */,
				D136520722408FAD00B9F19A /* EditPostRateViewController.swift in Sources */,
				631DE4EB2242DB7400A78677 /* OwnerPastReservationsListTableViewController.swift in Sources */,
				631DE4DD2241F9CB00A78677 /* PastReservationModel.swift in Sources */,
				636112F8223C97A0003A32EC /* TimeSlotTableViewCell.swift in Sources */,
				634F396822358DE0000766D5 /* TimeSlotListTableViewController.swift in Sources */,
				D1CCCC7F2242CAEC00F97DFD /* UserAddTimeTableViewCell.swift in Sources */,
				631DE4C52240A40700A78677 /* BaseModel.swift in Sources */,
				630D8C7A223F9327003CF5F5 /* OwnerPostImageScrollViewTableViewCell.swift in Sources */,
				631DE4D82241E08400A78677 /* UserReservationsTableViewController.swift in Sources */,
				631DE4E6224222F800A78677 /* ReservationDetailTableViewController.swift in Sources */,
			);
			runOnlyForDeploymentPostprocessing = 0;
		};
		D146958321FBCBD600C09E93 /* Sources */ = {
			isa = PBXSourcesBuildPhase;
			buildActionMask = 2147483647;
			files = (
				D146958C21FBCBD600C09E93 /* SeniorProjectTests.swift in Sources */,
			);
			runOnlyForDeploymentPostprocessing = 0;
		};
		D146958E21FBCBD600C09E93 /* Sources */ = {
			isa = PBXSourcesBuildPhase;
			buildActionMask = 2147483647;
			files = (
				D146959721FBCBD600C09E93 /* SeniorProjectUITests.swift in Sources */,
			);
			runOnlyForDeploymentPostprocessing = 0;
		};
/* End PBXSourcesBuildPhase section */

/* Begin PBXTargetDependency section */
		D146958921FBCBD600C09E93 /* PBXTargetDependency */ = {
			isa = PBXTargetDependency;
			target = D146957221FBCBD400C09E93 /* SeniorProject */;
			targetProxy = D146958821FBCBD600C09E93 /* PBXContainerItemProxy */;
		};
		D146959421FBCBD600C09E93 /* PBXTargetDependency */ = {
			isa = PBXTargetDependency;
			target = D146957221FBCBD400C09E93 /* SeniorProject */;
			targetProxy = D146959321FBCBD600C09E93 /* PBXContainerItemProxy */;
		};
/* End PBXTargetDependency section */

/* Begin PBXVariantGroup section */
		D146957A21FBCBD400C09E93 /* Main.storyboard */ = {
			isa = PBXVariantGroup;
			children = (
				D146957B21FBCBD400C09E93 /* Base */,
			);
			name = Main.storyboard;
			sourceTree = "<group>";
		};
		D146957F21FBCBD600C09E93 /* LaunchScreen.storyboard */ = {
			isa = PBXVariantGroup;
			children = (
				D146958021FBCBD600C09E93 /* Base */,
			);
			name = LaunchScreen.storyboard;
			sourceTree = "<group>";
		};
/* End PBXVariantGroup section */

/* Begin XCBuildConfiguration section */
		D146959921FBCBD600C09E93 /* Debug */ = {
			isa = XCBuildConfiguration;
			buildSettings = {
				ALWAYS_SEARCH_USER_PATHS = NO;
				CLANG_ANALYZER_NONNULL = YES;
				CLANG_ANALYZER_NUMBER_OBJECT_CONVERSION = YES_AGGRESSIVE;
				CLANG_CXX_LANGUAGE_STANDARD = "gnu++14";
				CLANG_CXX_LIBRARY = "libc++";
				CLANG_ENABLE_MODULES = YES;
				CLANG_ENABLE_OBJC_ARC = YES;
				CLANG_ENABLE_OBJC_WEAK = YES;
				CLANG_WARN_BLOCK_CAPTURE_AUTORELEASING = YES;
				CLANG_WARN_BOOL_CONVERSION = YES;
				CLANG_WARN_COMMA = YES;
				CLANG_WARN_CONSTANT_CONVERSION = YES;
				CLANG_WARN_DEPRECATED_OBJC_IMPLEMENTATIONS = YES;
				CLANG_WARN_DIRECT_OBJC_ISA_USAGE = YES_ERROR;
				CLANG_WARN_DOCUMENTATION_COMMENTS = YES;
				CLANG_WARN_EMPTY_BODY = YES;
				CLANG_WARN_ENUM_CONVERSION = YES;
				CLANG_WARN_INFINITE_RECURSION = YES;
				CLANG_WARN_INT_CONVERSION = YES;
				CLANG_WARN_NON_LITERAL_NULL_CONVERSION = YES;
				CLANG_WARN_OBJC_IMPLICIT_RETAIN_SELF = YES;
				CLANG_WARN_OBJC_LITERAL_CONVERSION = YES;
				CLANG_WARN_OBJC_ROOT_CLASS = YES_ERROR;
				CLANG_WARN_RANGE_LOOP_ANALYSIS = YES;
				CLANG_WARN_STRICT_PROTOTYPES = YES;
				CLANG_WARN_SUSPICIOUS_MOVE = YES;
				CLANG_WARN_UNGUARDED_AVAILABILITY = YES_AGGRESSIVE;
				CLANG_WARN_UNREACHABLE_CODE = YES;
				CLANG_WARN__DUPLICATE_METHOD_MATCH = YES;
				CODE_SIGN_IDENTITY = "iPhone Developer";
				COPY_PHASE_STRIP = NO;
				DEBUG_INFORMATION_FORMAT = dwarf;
				ENABLE_STRICT_OBJC_MSGSEND = YES;
				ENABLE_TESTABILITY = YES;
				GCC_C_LANGUAGE_STANDARD = gnu11;
				GCC_DYNAMIC_NO_PIC = NO;
				GCC_NO_COMMON_BLOCKS = YES;
				GCC_OPTIMIZATION_LEVEL = 0;
				GCC_PREPROCESSOR_DEFINITIONS = (
					"DEBUG=1",
					"$(inherited)",
				);
				GCC_WARN_64_TO_32_BIT_CONVERSION = YES;
				GCC_WARN_ABOUT_RETURN_TYPE = YES_ERROR;
				GCC_WARN_UNDECLARED_SELECTOR = YES;
				GCC_WARN_UNINITIALIZED_AUTOS = YES_AGGRESSIVE;
				GCC_WARN_UNUSED_FUNCTION = YES;
				GCC_WARN_UNUSED_VARIABLE = YES;
				IPHONEOS_DEPLOYMENT_TARGET = 12.1;
				MTL_ENABLE_DEBUG_INFO = INCLUDE_SOURCE;
				MTL_FAST_MATH = YES;
				ONLY_ACTIVE_ARCH = YES;
				SDKROOT = iphoneos;
				SWIFT_ACTIVE_COMPILATION_CONDITIONS = DEBUG;
				SWIFT_OPTIMIZATION_LEVEL = "-Onone";
			};
			name = Debug;
		};
		D146959A21FBCBD600C09E93 /* Release */ = {
			isa = XCBuildConfiguration;
			buildSettings = {
				ALWAYS_SEARCH_USER_PATHS = NO;
				CLANG_ANALYZER_NONNULL = YES;
				CLANG_ANALYZER_NUMBER_OBJECT_CONVERSION = YES_AGGRESSIVE;
				CLANG_CXX_LANGUAGE_STANDARD = "gnu++14";
				CLANG_CXX_LIBRARY = "libc++";
				CLANG_ENABLE_MODULES = YES;
				CLANG_ENABLE_OBJC_ARC = YES;
				CLANG_ENABLE_OBJC_WEAK = YES;
				CLANG_WARN_BLOCK_CAPTURE_AUTORELEASING = YES;
				CLANG_WARN_BOOL_CONVERSION = YES;
				CLANG_WARN_COMMA = YES;
				CLANG_WARN_CONSTANT_CONVERSION = YES;
				CLANG_WARN_DEPRECATED_OBJC_IMPLEMENTATIONS = YES;
				CLANG_WARN_DIRECT_OBJC_ISA_USAGE = YES_ERROR;
				CLANG_WARN_DOCUMENTATION_COMMENTS = YES;
				CLANG_WARN_EMPTY_BODY = YES;
				CLANG_WARN_ENUM_CONVERSION = YES;
				CLANG_WARN_INFINITE_RECURSION = YES;
				CLANG_WARN_INT_CONVERSION = YES;
				CLANG_WARN_NON_LITERAL_NULL_CONVERSION = YES;
				CLANG_WARN_OBJC_IMPLICIT_RETAIN_SELF = YES;
				CLANG_WARN_OBJC_LITERAL_CONVERSION = YES;
				CLANG_WARN_OBJC_ROOT_CLASS = YES_ERROR;
				CLANG_WARN_RANGE_LOOP_ANALYSIS = YES;
				CLANG_WARN_STRICT_PROTOTYPES = YES;
				CLANG_WARN_SUSPICIOUS_MOVE = YES;
				CLANG_WARN_UNGUARDED_AVAILABILITY = YES_AGGRESSIVE;
				CLANG_WARN_UNREACHABLE_CODE = YES;
				CLANG_WARN__DUPLICATE_METHOD_MATCH = YES;
				CODE_SIGN_IDENTITY = "iPhone Developer";
				COPY_PHASE_STRIP = NO;
				DEBUG_INFORMATION_FORMAT = "dwarf-with-dsym";
				ENABLE_NS_ASSERTIONS = NO;
				ENABLE_STRICT_OBJC_MSGSEND = YES;
				GCC_C_LANGUAGE_STANDARD = gnu11;
				GCC_NO_COMMON_BLOCKS = YES;
				GCC_WARN_64_TO_32_BIT_CONVERSION = YES;
				GCC_WARN_ABOUT_RETURN_TYPE = YES_ERROR;
				GCC_WARN_UNDECLARED_SELECTOR = YES;
				GCC_WARN_UNINITIALIZED_AUTOS = YES_AGGRESSIVE;
				GCC_WARN_UNUSED_FUNCTION = YES;
				GCC_WARN_UNUSED_VARIABLE = YES;
				IPHONEOS_DEPLOYMENT_TARGET = 12.1;
				MTL_ENABLE_DEBUG_INFO = NO;
				MTL_FAST_MATH = YES;
				SDKROOT = iphoneos;
				SWIFT_COMPILATION_MODE = wholemodule;
				SWIFT_OPTIMIZATION_LEVEL = "-O";
				VALIDATE_PRODUCT = YES;
			};
			name = Release;
		};
		D146959C21FBCBD600C09E93 /* Debug */ = {
			isa = XCBuildConfiguration;
			baseConfigurationReference = 13937683297BF9FFDA46EDAD /* Pods-SeniorProject.debug.xcconfig */;
			buildSettings = {
				ASSETCATALOG_COMPILER_APPICON_NAME = AppIcon;
				CODE_SIGN_STYLE = Automatic;
				INFOPLIST_FILE = SeniorProject/Info.plist;
				IPHONEOS_DEPLOYMENT_TARGET = 11.0;
				LD_RUNPATH_SEARCH_PATHS = (
					"$(inherited)",
					"@executable_path/Frameworks",
				);
				PRODUCT_BUNDLE_IDENTIFIER = J.SeniorProject;
				PRODUCT_NAME = "$(TARGET_NAME)";
				SWIFT_VERSION = 4.2;
				TARGETED_DEVICE_FAMILY = "1,2";
			};
			name = Debug;
		};
		D146959D21FBCBD600C09E93 /* Release */ = {
			isa = XCBuildConfiguration;
			baseConfigurationReference = E10C7E462D554EFD8E5FC9B1 /* Pods-SeniorProject.release.xcconfig */;
			buildSettings = {
				ASSETCATALOG_COMPILER_APPICON_NAME = AppIcon;
				CODE_SIGN_STYLE = Automatic;
				INFOPLIST_FILE = SeniorProject/Info.plist;
				IPHONEOS_DEPLOYMENT_TARGET = 11.0;
				LD_RUNPATH_SEARCH_PATHS = (
					"$(inherited)",
					"@executable_path/Frameworks",
				);
				PRODUCT_BUNDLE_IDENTIFIER = J.SeniorProject;
				PRODUCT_NAME = "$(TARGET_NAME)";
				SWIFT_VERSION = 4.2;
				TARGETED_DEVICE_FAMILY = "1,2";
			};
			name = Release;
		};
		D146959F21FBCBD600C09E93 /* Debug */ = {
			isa = XCBuildConfiguration;
			baseConfigurationReference = F29907D31978349848ABC6DF /* Pods-SeniorProjectTests.debug.xcconfig */;
			buildSettings = {
				ALWAYS_EMBED_SWIFT_STANDARD_LIBRARIES = YES;
				BUNDLE_LOADER = "$(TEST_HOST)";
				CODE_SIGN_STYLE = Automatic;
				INFOPLIST_FILE = SeniorProjectTests/Info.plist;
				LD_RUNPATH_SEARCH_PATHS = (
					"$(inherited)",
					"@executable_path/Frameworks",
					"@loader_path/Frameworks",
				);
				PRODUCT_BUNDLE_IDENTIFIER = J.SeniorProjectTests;
				PRODUCT_NAME = "$(TARGET_NAME)";
				SWIFT_VERSION = 4.2;
				TARGETED_DEVICE_FAMILY = "1,2";
				TEST_HOST = "$(BUILT_PRODUCTS_DIR)/SeniorProject.app/SeniorProject";
			};
			name = Debug;
		};
		D14695A021FBCBD600C09E93 /* Release */ = {
			isa = XCBuildConfiguration;
			baseConfigurationReference = 66650404CC5AB3F42ABDCE64 /* Pods-SeniorProjectTests.release.xcconfig */;
			buildSettings = {
				ALWAYS_EMBED_SWIFT_STANDARD_LIBRARIES = YES;
				BUNDLE_LOADER = "$(TEST_HOST)";
				CODE_SIGN_STYLE = Automatic;
				INFOPLIST_FILE = SeniorProjectTests/Info.plist;
				LD_RUNPATH_SEARCH_PATHS = (
					"$(inherited)",
					"@executable_path/Frameworks",
					"@loader_path/Frameworks",
				);
				PRODUCT_BUNDLE_IDENTIFIER = J.SeniorProjectTests;
				PRODUCT_NAME = "$(TARGET_NAME)";
				SWIFT_VERSION = 4.2;
				TARGETED_DEVICE_FAMILY = "1,2";
				TEST_HOST = "$(BUILT_PRODUCTS_DIR)/SeniorProject.app/SeniorProject";
			};
			name = Release;
		};
		D14695A221FBCBD600C09E93 /* Debug */ = {
			isa = XCBuildConfiguration;
			baseConfigurationReference = 9ADB9C7FBAF13347E812A169 /* Pods-SeniorProjectUITests.debug.xcconfig */;
			buildSettings = {
				ALWAYS_EMBED_SWIFT_STANDARD_LIBRARIES = YES;
				CODE_SIGN_STYLE = Automatic;
				INFOPLIST_FILE = SeniorProjectUITests/Info.plist;
				LD_RUNPATH_SEARCH_PATHS = (
					"$(inherited)",
					"@executable_path/Frameworks",
					"@loader_path/Frameworks",
				);
				PRODUCT_BUNDLE_IDENTIFIER = J.SeniorProjectUITests;
				PRODUCT_NAME = "$(TARGET_NAME)";
				SWIFT_VERSION = 4.2;
				TARGETED_DEVICE_FAMILY = "1,2";
				TEST_TARGET_NAME = SeniorProject;
			};
			name = Debug;
		};
		D14695A321FBCBD600C09E93 /* Release */ = {
			isa = XCBuildConfiguration;
			baseConfigurationReference = F88A75085F7F293E657A6CB1 /* Pods-SeniorProjectUITests.release.xcconfig */;
			buildSettings = {
				ALWAYS_EMBED_SWIFT_STANDARD_LIBRARIES = YES;
				CODE_SIGN_STYLE = Automatic;
				INFOPLIST_FILE = SeniorProjectUITests/Info.plist;
				LD_RUNPATH_SEARCH_PATHS = (
					"$(inherited)",
					"@executable_path/Frameworks",
					"@loader_path/Frameworks",
				);
				PRODUCT_BUNDLE_IDENTIFIER = J.SeniorProjectUITests;
				PRODUCT_NAME = "$(TARGET_NAME)";
				SWIFT_VERSION = 4.2;
				TARGETED_DEVICE_FAMILY = "1,2";
				TEST_TARGET_NAME = SeniorProject;
			};
			name = Release;
		};
/* End XCBuildConfiguration section */

/* Begin XCConfigurationList section */
		D146956E21FBCBD400C09E93 /* Build configuration list for PBXProject "SeniorProject" */ = {
			isa = XCConfigurationList;
			buildConfigurations = (
				D146959921FBCBD600C09E93 /* Debug */,
				D146959A21FBCBD600C09E93 /* Release */,
			);
			defaultConfigurationIsVisible = 0;
			defaultConfigurationName = Release;
		};
		D146959B21FBCBD600C09E93 /* Build configuration list for PBXNativeTarget "SeniorProject" */ = {
			isa = XCConfigurationList;
			buildConfigurations = (
				D146959C21FBCBD600C09E93 /* Debug */,
				D146959D21FBCBD600C09E93 /* Release */,
			);
			defaultConfigurationIsVisible = 0;
			defaultConfigurationName = Release;
		};
		D146959E21FBCBD600C09E93 /* Build configuration list for PBXNativeTarget "SeniorProjectTests" */ = {
			isa = XCConfigurationList;
			buildConfigurations = (
				D146959F21FBCBD600C09E93 /* Debug */,
				D14695A021FBCBD600C09E93 /* Release */,
			);
			defaultConfigurationIsVisible = 0;
			defaultConfigurationName = Release;
		};
		D14695A121FBCBD600C09E93 /* Build configuration list for PBXNativeTarget "SeniorProjectUITests" */ = {
			isa = XCConfigurationList;
			buildConfigurations = (
				D14695A221FBCBD600C09E93 /* Debug */,
				D14695A321FBCBD600C09E93 /* Release */,
			);
			defaultConfigurationIsVisible = 0;
			defaultConfigurationName = Release;
		};
/* End XCConfigurationList section */
	};
	rootObject = D146956B21FBCBD400C09E93 /* Project object */;
}
